
Microsoft Visual Studio Solution File, Format Version 11.00
# Visual Studio 2010
Project("{FAE04EC0-301F-11D3-BF4B-00C04F79EFBC}") = "Exercise5", "Exercise5\Exercise5.csproj", "{C4FC0F9D-9695-4E3D-B68E-ED17D65EBDA8}"
EndProject
Global
	GlobalSection(SolutionConfigurationPlatforms) = preSolution
		Debug|x86 = Debug|x86
		Release|x86 = Release|x86
	EndGlobalSection
	GlobalSection(ProjectConfigurationPlatforms) = postSolution
		{C4FC0F9D-9695-4E3D-B68E-ED17D65EBDA8}.Debug|x86.ActiveCfg = Debug|x86
		{C4FC0F9D-9695-4E3D-B68E-ED17D65EBDA8}.Debug|x86.Build.0 = Debug|x86
		{C4FC0F9D-9695-4E3D-B68E-ED17D65EBDA8}.Release|x86.ActiveCfg = Release|x86
		{C4FC0F9D-9695-4E3D-B68E-ED17D65EBDA8}.Release|x86.Build.0 = Release|x86
	EndGlobalSection
	GlobalSection(MonoDevelopProperties) = preSolution
		StartupItem = Exercise5\Exercise5.csproj
	EndGlobalSection
EndGlobal
