
Microsoft Visual Studio Solution File, Format Version 11.00
# Visual C# Express 2010
Project("{FAE04EC0-301F-11D3-BF4B-00C04F79EFBC}") = "Others", "Others\Others.csproj", "{DA33573E-0C70-410B-A5B8-C718708B5ECA}"
EndProject
Global
	GlobalSection(SolutionConfigurationPlatforms) = preSolution
		Debug|x86 = Debug|x86
		Release|x86 = Release|x86
	EndGlobalSection
	GlobalSection(ProjectConfigurationPlatforms) = postSolution
		{DA33573E-0C70-410B-A5B8-C718708B5ECA}.Debug|x86.ActiveCfg = Debug|x86
		{DA33573E-0C70-410B-A5B8-C718708B5ECA}.Debug|x86.Build.0 = Debug|x86
		{DA33573E-0C70-410B-A5B8-C718708B5ECA}.Release|x86.ActiveCfg = Release|x86
		{DA33573E-0C70-410B-A5B8-C718708B5ECA}.Release|x86.Build.0 = Release|x86
	EndGlobalSection
	GlobalSection(SolutionProperties) = preSolution
		HideSolutionNode = FALSE
	EndGlobalSection
EndGlobal
